// !$*UTF8*$!
{
	archiveVersion = 1;
	classes = {
	};
	objectVersion = 50;
	objects = {

/* Begin PBXBuildFile section */
		96F69F03210B267A00040532 /* AppDelegate.swift in Sources */ = {isa = PBXBuildFile; fileRef = 96F69F02210B267A00040532 /* AppDelegate.swift */; };
		96F69F05210B267A00040532 /* ViewController.swift in Sources */ = {isa = PBXBuildFile; fileRef = 96F69F04210B267A00040532 /* ViewController.swift */; };
		96F69F08210B267A00040532 /* Main.storyboard in Resources */ = {isa = PBXBuildFile; fileRef = 96F69F06210B267A00040532 /* Main.storyboard */; };
		96F69F0A210B268400040532 /* Assets.xcassets in Resources */ = {isa = PBXBuildFile; fileRef = 96F69F09210B268400040532 /* Assets.xcassets */; };
		96F69F0D210B268500040532 /* LaunchScreen.storyboard in Resources */ = {isa = PBXBuildFile; fileRef = 96F69F0B210B268500040532 /* LaunchScreen.storyboard */; };
		96F69F18210B268500040532 /* Decorator_Design_PatternTests.swift in Sources */ = {isa = PBXBuildFile; fileRef = 96F69F17210B268500040532 /* Decorator_Design_PatternTests.swift */; };
		96F69F23210B316100040532 /* Purchase.swift in Sources */ = {isa = PBXBuildFile; fileRef = 96F69F22210B316100040532 /* Purchase.swift */; };
		96F69F25210B323200040532 /* CustomerAccount.swift in Sources */ = {isa = PBXBuildFile; fileRef = 96F69F24210B323200040532 /* CustomerAccount.swift */; };
		96F95071210F28130013FAFF /* Cofee.swift in Sources */ = {isa = PBXBuildFile; fileRef = 96F95070210F28130013FAFF /* Cofee.swift */; };
		96F95073210F28310013FAFF /* CofeeDecorator.swift in Sources */ = {isa = PBXBuildFile; fileRef = 96F95072210F28310013FAFF /* CofeeDecorator.swift */; };
		96F95075210F28550013FAFF /* Milk.swift in Sources */ = {isa = PBXBuildFile; fileRef = 96F95074210F28550013FAFF /* Milk.swift */; };
		96F95077210F288A0013FAFF /* WhipCofee.swift in Sources */ = {isa = PBXBuildFile; fileRef = 96F95076210F288A0013FAFF /* WhipCofee.swift */; };
/* End PBXBuildFile section */

/* Begin PBXContainerItemProxy section */
		96F69F14210B268500040532 /* PBXContainerItemProxy */ = {
			isa = PBXContainerItemProxy;
			containerPortal = 96F69EF7210B267A00040532 /* Project object */;
			proxyType = 1;
			remoteGlobalIDString = 96F69EFE210B267A00040532;
			remoteInfo = "Decorator-Design-Pattern";
		};
/* End PBXContainerItemProxy section */

/* Begin PBXFileReference section */
		96F69EFF210B267A00040532 /* Decorator-Design-Pattern.app */ = {isa = PBXFileReference; explicitFileType = wrapper.application; includeInIndex = 0; path = "Decorator-Design-Pattern.app"; sourceTree = BUILT_PRODUCTS_DIR; };
		96F69F02210B267A00040532 /* AppDelegate.swift */ = {isa = PBXFileReference; lastKnownFileType = sourcecode.swift; path = AppDelegate.swift; sourceTree = "<group>"; };
		96F69F04210B267A00040532 /* ViewController.swift */ = {isa = PBXFileReference; lastKnownFileType = sourcecode.swift; path = ViewController.swift; sourceTree = "<group>"; };
		96F69F07210B267A00040532 /* Base */ = {isa = PBXFileReference; lastKnownFileType = file.storyboard; name = Base; path = Base.lproj/Main.storyboard; sourceTree = "<group>"; };
		96F69F09210B268400040532 /* Assets.xcassets */ = {isa = PBXFileReference; lastKnownFileType = folder.assetcatalog; path = Assets.xcassets; sourceTree = "<group>"; };
		96F69F0C210B268500040532 /* Base */ = {isa = PBXFileReference; lastKnownFileType = file.storyboard; name = Base; path = Base.lproj/LaunchScreen.storyboard; sourceTree = "<group>"; };
		96F69F0E210B268500040532 /* Info.plist */ = {isa = PBXFileReference; lastKnownFileType = text.plist.xml; path = Info.plist; sourceTree = "<group>"; };
		96F69F13210B268500040532 /* Decorator-Design-PatternTests.xctest */ = {isa = PBXFileReference; explicitFileType = wrapper.cfbundle; includeInIndex = 0; path = "Decorator-Design-PatternTests.xctest"; sourceTree = BUILT_PRODUCTS_DIR; };
		96F69F17210B268500040532 /* Decorator_Design_PatternTests.swift */ = {isa = PBXFileReference; lastKnownFileType = sourcecode.swift; path = Decorator_Design_PatternTests.swift; sourceTree = "<group>"; };
		96F69F19210B268500040532 /* Info.plist */ = {isa = PBXFileReference; lastKnownFileType = text.plist.xml; path = Info.plist; sourceTree = "<group>"; };
		96F69F22210B316100040532 /* Purchase.swift */ = {isa = PBXFileReference; lastKnownFileType = sourcecode.swift; path = Purchase.swift; sourceTree = "<group>"; };
		96F69F24210B323200040532 /* CustomerAccount.swift */ = {isa = PBXFileReference; lastKnownFileType = sourcecode.swift; path = CustomerAccount.swift; sourceTree = "<group>"; };
		96F95070210F28130013FAFF /* Cofee.swift */ = {isa = PBXFileReference; lastKnownFileType = sourcecode.swift; path = Cofee.swift; sourceTree = "<group>"; };
		96F95072210F28310013FAFF /* CofeeDecorator.swift */ = {isa = PBXFileReference; lastKnownFileType = sourcecode.swift; path = CofeeDecorator.swift; sourceTree = "<group>"; };
		96F95074210F28550013FAFF /* Milk.swift */ = {isa = PBXFileReference; lastKnownFileType = sourcecode.swift; path = Milk.swift; sourceTree = "<group>"; };
		96F95076210F288A0013FAFF /* WhipCofee.swift */ = {isa = PBXFileReference; lastKnownFileType = sourcecode.swift; path = WhipCofee.swift; sourceTree = "<group>"; };
/* End PBXFileReference section */

/* Begin PBXFrameworksBuildPhase section */
		96F69EFC210B267A00040532 /* Frameworks */ = {
			isa = PBXFrameworksBuildPhase;
			buildActionMask = 2147483647;
			files = (
			);
			runOnlyForDeploymentPostprocessing = 0;
		};
		96F69F10210B268500040532 /* Frameworks */ = {
			isa = PBXFrameworksBuildPhase;
			buildActionMask = 2147483647;
			files = (
			);
			runOnlyForDeploymentPostprocessing = 0;
		};
/* End PBXFrameworksBuildPhase section */

/* Begin PBXGroup section */
		96F69EF6210B267A00040532 = {
			isa = PBXGroup;
			children = (
				96F69F01210B267A00040532 /* Decorator-Design-Pattern */,
				96F69F16210B268500040532 /* Decorator-Design-PatternTests */,
				96F69F00210B267A00040532 /* Products */,
			);
			sourceTree = "<group>";
		};
		96F69F00210B267A00040532 /* Products */ = {
			isa = PBXGroup;
			children = (
				96F69EFF210B267A00040532 /* Decorator-Design-Pattern.app */,
				96F69F13210B268500040532 /* Decorator-Design-PatternTests.xctest */,
			);
			name = Products;
			sourceTree = "<group>";
		};
		96F69F01210B267A00040532 /* Decorator-Design-Pattern */ = {
			isa = PBXGroup;
			children = (
				96F69F02210B267A00040532 /* AppDelegate.swift */,
				96F69F04210B267A00040532 /* ViewController.swift */,
				96F95070210F28130013FAFF /* Cofee.swift */,
				96F95072210F28310013FAFF /* CofeeDecorator.swift */,
				96F95074210F28550013FAFF /* Milk.swift */,
				96F95076210F288A0013FAFF /* WhipCofee.swift */,
				96F69F22210B316100040532 /* Purchase.swift */,
				96F69F24210B323200040532 /* CustomerAccount.swift */,
				96F69F06210B267A00040532 /* Main.storyboard */,
				96F69F09210B268400040532 /* Assets.xcassets */,
				96F69F0B210B268500040532 /* LaunchScreen.storyboard */,
				96F69F0E210B268500040532 /* Info.plist */,
			);
			path = "Decorator-Design-Pattern";
			sourceTree = "<group>";
		};
		96F69F16210B268500040532 /* Decorator-Design-PatternTests */ = {
			isa = PBXGroup;
			children = (
				96F69F17210B268500040532 /* Decorator_Design_PatternTests.swift */,
				96F69F19210B268500040532 /* Info.plist */,
			);
			path = "Decorator-Design-PatternTests";
			sourceTree = "<group>";
		};
/* End PBXGroup section */

/* Begin PBXNativeTarget section */
		96F69EFE210B267A00040532 /* Decorator-Design-Pattern */ = {
			isa = PBXNativeTarget;
			buildConfigurationList = 96F69F1C210B268500040532 /* Build configuration list for PBXNativeTarget "Decorator-Design-Pattern" */;
			buildPhases = (
				96F69EFB210B267A00040532 /* Sources */,
				96F69EFC210B267A00040532 /* Frameworks */,
				96F69EFD210B267A00040532 /* Resources */,
			);
			buildRules = (
			);
			dependencies = (
			);
			name = "Decorator-Design-Pattern";
			productName = "Decorator-Design-Pattern";
			productReference = 96F69EFF210B267A00040532 /* Decorator-Design-Pattern.app */;
			productType = "com.apple.product-type.application";
		};
		96F69F12210B268500040532 /* Decorator-Design-PatternTests */ = {
			isa = PBXNativeTarget;
			buildConfigurationList = 96F69F1F210B268500040532 /* Build configuration list for PBXNativeTarget "Decorator-Design-PatternTests" */;
			buildPhases = (
				96F69F0F210B268500040532 /* Sources */,
				96F69F10210B268500040532 /* Frameworks */,
				96F69F11210B268500040532 /* Resources */,
			);
			buildRules = (
			);
			dependencies = (
				96F69F15210B268500040532 /* PBXTargetDependency */,
			);
			name = "Decorator-Design-PatternTests";
			productName = "Decorator-Design-PatternTests";
			productReference = 96F69F13210B268500040532 /* Decorator-Design-PatternTests.xctest */;
			productType = "com.apple.product-type.bundle.unit-test";
		};
/* End PBXNativeTarget section */

/* Begin PBXProject section */
		96F69EF7210B267A00040532 /* Project object */ = {
			isa = PBXProject;
			attributes = {
				LastSwiftUpdateCheck = 0940;
				LastUpgradeCheck = 0940;
				ORGANIZATIONNAME = malikj;
				TargetAttributes = {
					96F69EFE210B267A00040532 = {
						CreatedOnToolsVersion = 9.4;
					};
					96F69F12210B268500040532 = {
						CreatedOnToolsVersion = 9.4;
						TestTargetID = 96F69EFE210B267A00040532;
					};
				};
			};
			buildConfigurationList = 96F69EFA210B267A00040532 /* Build configuration list for PBXProject "Decorator-Design-Pattern" */;
			compatibilityVersion = "Xcode 9.3";
			developmentRegion = en;
			hasScannedForEncodings = 0;
			knownRegions = (
				en,
				Base,
			);
			mainGroup = 96F69EF6210B267A00040532;
			productRefGroup = 96F69F00210B267A00040532 /* Products */;
			projectDirPath = "";
			projectRoot = "";
			targets = (
				96F69EFE210B267A00040532 /* Decorator-Design-Pattern */,
				96F69F12210B268500040532 /* Decorator-Design-PatternTests */,
			);
		};
/* End PBXProject section */

/* Begin PBXResourcesBuildPhase section */
		96F69EFD210B267A00040532 /* Resources */ = {
			isa = PBXResourcesBuildPhase;
			buildActionMask = 2147483647;
			files = (
				96F69F0D210B268500040532 /* LaunchScreen.storyboard in Resources */,
				96F69F0A210B268400040532 /* Assets.xcassets in Resources */,
				96F69F08210B267A00040532 /* Main.storyboard in Resources */,
			);
			runOnlyForDeploymentPostprocessing = 0;
		};
		96F69F11210B268500040532 /* Resources */ = {
			isa = PBXResourcesBuildPhase;
			buildActionMask = 2147483647;
			files = (
			);
			runOnlyForDeploymentPostprocessing = 0;
		};
/* End PBXResourcesBuildPhase section */

/* Begin PBXSourcesBuildPhase section */
		96F69EFB210B267A00040532 /* Sources */ = {
			isa = PBXSourcesBuildPhase;
			buildActionMask = 2147483647;
			files = (
				96F69F05210B267A00040532 /* ViewController.swift in Sources */,
				96F69F03210B267A00040532 /* AppDelegate.swift in Sources */,
				96F95073210F28310013FAFF /* CofeeDecorator.swift in Sources */,
				96F95075210F28550013FAFF /* Milk.swift in Sources */,
				96F95077210F288A0013FAFF /* WhipCofee.swift in Sources */,
				96F69F23210B316100040532 /* Purchase.swift in Sources */,
				96F95071210F28130013FAFF /* Cofee.swift in Sources */,
				96F69F25210B323200040532 /* CustomerAccount.swift in Sources */,
			);
			runOnlyForDeploymentPostprocessing = 0;
		};
		96F69F0F210B268500040532 /* Sources */ = {
			isa = PBXSourcesBuildPhase;
			buildActionMask = 2147483647;
			files = (
				96F69F18210B268500040532 /* Decorator_Design_PatternTests.swift in Sources */,
			);
			runOnlyForDeploymentPostprocessing = 0;
		};
/* End PBXSourcesBuildPhase section */

/* Begin PBXTargetDependency section */
		96F69F15210B268500040532 /* PBXTargetDependency */ = {
			isa = PBXTargetDependency;
			target = 96F69EFE210B267A00040532 /* Decorator-Design-Pattern */;
			targetProxy = 96F69F14210B268500040532 /* PBXContainerItemProxy */;
		};
/* End PBXTargetDependency section */

/* Begin PBXVariantGroup section */
		96F69F06210B267A00040532 /* Main.storyboard */ = {
			isa = PBXVariantGroup;
			children = (
				96F69F07210B267A00040532 /* Base */,
			);
			name = Main.storyboard;
			sourceTree = "<group>";
		};
		96F69F0B210B268500040532 /* LaunchScreen.storyboard */ = {
			isa = PBXVariantGroup;
			children = (
				96F69F0C210B268500040532 /* Base */,
			);
			name = LaunchScreen.storyboard;
			sourceTree = "<group>";
		};
/* End PBXVariantGroup section */

/* Begin XCBuildConfiguration section */
		96F69F1A210B268500040532 /* Debug */ = {
			isa = XCBuildConfiguration;
			buildSettings = {
				ALWAYS_SEARCH_USER_PATHS = NO;
				CLANG_ANALYZER_NONNULL = YES;
				CLANG_ANALYZER_NUMBER_OBJECT_CONVERSION = YES_AGGRESSIVE;
				CLANG_CXX_LANGUAGE_STANDARD = "gnu++14";
				CLANG_CXX_LIBRARY = "libc++";
				CLANG_ENABLE_MODULES = YES;
				CLANG_ENABLE_OBJC_ARC = YES;
				CLANG_ENABLE_OBJC_WEAK = YES;
				CLANG_WARN_BLOCK_CAPTURE_AUTORELEASING = YES;
				CLANG_WARN_BOOL_CONVERSION = YES;
				CLANG_WARN_COMMA = YES;
				CLANG_WARN_CONSTANT_CONVERSION = YES;
				CLANG_WARN_DEPRECATED_OBJC_IMPLEMENTATIONS = YES;
				CLANG_WARN_DIRECT_OBJC_ISA_USAGE = YES_ERROR;
				CLANG_WARN_DOCUMENTATION_COMMENTS = YES;
				CLANG_WARN_EMPTY_BODY = YES;
				CLANG_WARN_ENUM_CONVERSION = YES;
				CLANG_WARN_INFINITE_RECURSION = YES;
				CLANG_WARN_INT_CONVERSION = YES;
				CLANG_WARN_NON_LITERAL_NULL_CONVERSION = YES;
				CLANG_WARN_OBJC_IMPLICIT_RETAIN_SELF = YES;
				CLANG_WARN_OBJC_LITERAL_CONVERSION = YES;
				CLANG_WARN_OBJC_ROOT_CLASS = YES_ERROR;
				CLANG_WARN_RANGE_LOOP_ANALYSIS = YES;
				CLANG_WARN_STRICT_PROTOTYPES = YES;
				CLANG_WARN_SUSPICIOUS_MOVE = YES;
				CLANG_WARN_UNGUARDED_AVAILABILITY = YES_AGGRESSIVE;
				CLANG_WARN_UNREACHABLE_CODE = YES;
				CLANG_WARN__DUPLICATE_METHOD_MATCH = YES;
				CODE_SIGN_IDENTITY = "iPhone Developer";
				COPY_PHASE_STRIP = NO;
				DEBUG_INFORMATION_FORMAT = dwarf;
				ENABLE_STRICT_OBJC_MSGSEND = YES;
				ENABLE_TESTABILITY = YES;
				GCC_C_LANGUAGE_STANDARD = gnu11;
				GCC_DYNAMIC_NO_PIC = NO;
				GCC_NO_COMMON_BLOCKS = YES;
				GCC_OPTIMIZATION_LEVEL = 0;
				GCC_PREPROCESSOR_DEFINITIONS = (
					"DEBUG=1",
					"$(inherited)",
				);
				GCC_WARN_64_TO_32_BIT_CONVERSION = YES;
				GCC_WARN_ABOUT_RETURN_TYPE = YES_ERROR;
				GCC_WARN_UNDECLARED_SELECTOR = YES;
				GCC_WARN_UNINITIALIZED_AUTOS = YES_AGGRESSIVE;
				GCC_WARN_UNUSED_FUNCTION = YES;
				GCC_WARN_UNUSED_VARIABLE = YES;
				IPHONEOS_DEPLOYMENT_TARGET = 11.4;
				MTL_ENABLE_DEBUG_INFO = YES;
				ONLY_ACTIVE_ARCH = YES;
				SDKROOT = iphoneos;
				SWIFT_ACTIVE_COMPILATION_CONDITIONS = DEBUG;
				SWIFT_OPTIMIZATION_LEVEL = "-Onone";
			};
			name = Debug;
		};
		96F69F1B210B268500040532 /* Release */ = {
			isa = XCBuildConfiguration;
			buildSettings = {
				ALWAYS_SEARCH_USER_PATHS = NO;
				CLANG_ANALYZER_NONNULL = YES;
				CLANG_ANALYZER_NUMBER_OBJECT_CONVERSION = YES_AGGRESSIVE;
				CLANG_CXX_LANGUAGE_STANDARD = "gnu++14";
				CLANG_CXX_LIBRARY = "libc++";
				CLANG_ENABLE_MODULES = YES;
				CLANG_ENABLE_OBJC_ARC = YES;
				CLANG_ENABLE_OBJC_WEAK = YES;
				CLANG_WARN_BLOCK_CAPTURE_AUTORELEASING = YES;
				CLANG_WARN_BOOL_CONVERSION = YES;
				CLANG_WARN_COMMA = YES;
				CLANG_WARN_CONSTANT_CONVERSION = YES;
				CLANG_WARN_DEPRECATED_OBJC_IMPLEMENTATIONS = YES;
				CLANG_WARN_DIRECT_OBJC_ISA_USAGE = YES_ERROR;
				CLANG_WARN_DOCUMENTATION_COMMENTS = YES;
				CLANG_WARN_EMPTY_BODY = YES;
				CLANG_WARN_ENUM_CONVERSION = YES;
				CLANG_WARN_INFINITE_RECURSION = YES;
				CLANG_WARN_INT_CONVERSION = YES;
				CLANG_WARN_NON_LITERAL_NULL_CONVERSION = YES;
				CLANG_WARN_OBJC_IMPLICIT_RETAIN_SELF = YES;
				CLANG_WARN_OBJC_LITERAL_CONVERSION = YES;
				CLANG_WARN_OBJC_ROOT_CLASS = YES_ERROR;
				CLANG_WARN_RANGE_LOOP_ANALYSIS = YES;
				CLANG_WARN_STRICT_PROTOTYPES = YES;
				CLANG_WARN_SUSPICIOUS_MOVE = YES;
				CLANG_WARN_UNGUARDED_AVAILABILITY = YES_AGGRESSIVE;
				CLANG_WARN_UNREACHABLE_CODE = YES;
				CLANG_WARN__DUPLICATE_METHOD_MATCH = YES;
				CODE_SIGN_IDENTITY = "iPhone Developer";
				COPY_PHASE_STRIP = NO;
				DEBUG_INFORMATION_FORMAT = "dwarf-with-dsym";
				ENABLE_NS_ASSERTIONS = NO;
				ENABLE_STRICT_OBJC_MSGSEND = YES;
				GCC_C_LANGUAGE_STANDARD = gnu11;
				GCC_NO_COMMON_BLOCKS = YES;
				GCC_WARN_64_TO_32_BIT_CONVERSION = YES;
				GCC_WARN_ABOUT_RETURN_TYPE = YES_ERROR;
				GCC_WARN_UNDECLARED_SELECTOR = YES;
				GCC_WARN_UNINITIALIZED_AUTOS = YES_AGGRESSIVE;
				GCC_WARN_UNUSED_FUNCTION = YES;
				GCC_WARN_UNUSED_VARIABLE = YES;
				IPHONEOS_DEPLOYMENT_TARGET = 11.4;
				MTL_ENABLE_DEBUG_INFO = NO;
				SDKROOT = iphoneos;
				SWIFT_COMPILATION_MODE = wholemodule;
				SWIFT_OPTIMIZATION_LEVEL = "-O";
				VALIDATE_PRODUCT = YES;
			};
			name = Release;
		};
		96F69F1D210B268500040532 /* Debug */ = {
			isa = XCBuildConfiguration;
			buildSettings = {
				ASSETCATALOG_COMPILER_APPICON_NAME = AppIcon;
				CODE_SIGN_STYLE = Automatic;
				INFOPLIST_FILE = "Decorator-Design-Pattern/Info.plist";
				LD_RUNPATH_SEARCH_PATHS = (
					"$(inherited)",
					"@executable_path/Frameworks",
				);
				PRODUCT_BUNDLE_IDENTIFIER = "com.Decorator-Design-Pattern";
				PRODUCT_NAME = "$(TARGET_NAME)";
				SWIFT_VERSION = 4.0;
				TARGETED_DEVICE_FAMILY = "1,2";
			};
			name = Debug;
		};
		96F69F1E210B268500040532 /* Release */ = {
			isa = XCBuildConfiguration;
			buildSettings = {
				ASSETCATALOG_COMPILER_APPICON_NAME = AppIcon;
				CODE_SIGN_STYLE = Automatic;
				INFOPLIST_FILE = "Decorator-Design-Pattern/Info.plist";
				LD_RUNPATH_SEARCH_PATHS = (
					"$(inherited)",
					"@executable_path/Frameworks",
				);
				PRODUCT_BUNDLE_IDENTIFIER = "com.Decorator-Design-Pattern";
				PRODUCT_NAME = "$(TARGET_NAME)";
				SWIFT_VERSION = 4.0;
				TARGETED_DEVICE_FAMILY = "1,2";
			};
			name = Release;
		};
		96F69F20210B268500040532 /* Debug */ = {
			isa = XCBuildConfiguration;
			buildSettings = {
				ALWAYS_EMBED_SWIFT_STANDARD_LIBRARIES = YES;
				BUNDLE_LOADER = "$(TEST_HOST)";
				CODE_SIGN_STYLE = Automatic;
				INFOPLIST_FILE = "Decorator-Design-PatternTests/Info.plist";
				LD_RUNPATH_SEARCH_PATHS = (
					"$(inherited)",
					"@executable_path/Frameworks",
					"@loader_path/Frameworks",
				);
				PRODUCT_BUNDLE_IDENTIFIER = "com.Decorator-Design-PatternTests";
				PRODUCT_NAME = "$(TARGET_NAME)";
				SWIFT_VERSION = 4.0;
				TARGETED_DEVICE_FAMILY = "1,2";
				TEST_HOST = "$(BUILT_PRODUCTS_DIR)/Decorator-Design-Pattern.app/Decorator-Design-Pattern";
			};
			name = Debug;
		};
		96F69F21210B268500040532 /* Release */ = {
			isa = XCBuildConfiguration;
			buildSettings = {
				ALWAYS_EMBED_SWIFT_STANDARD_LIBRARIES = YES;
				BUNDLE_LOADER = "$(TEST_HOST)";
				CODE_SIGN_STYLE = Automatic;
				INFOPLIST_FILE = "Decorator-Design-PatternTests/Info.plist";
				LD_RUNPATH_SEARCH_PATHS = (
					"$(inherited)",
					"@executable_path/Frameworks",
					"@loader_path/Frameworks",
				);
				PRODUCT_BUNDLE_IDENTIFIER = "com.Decorator-Design-PatternTests";
				PRODUCT_NAME = "$(TARGET_NAME)";
				SWIFT_VERSION = 4.0;
				TARGETED_DEVICE_FAMILY = "1,2";
				TEST_HOST = "$(BUILT_PRODUCTS_DIR)/Decorator-Design-Pattern.app/Decorator-Design-Pattern";
			};
			name = Release;
		};
/* End XCBuildConfiguration section */

/* Begin XCConfigurationList section */
		96F69EFA210B267A00040532 /* Build configuration list for PBXProject "Decorator-Design-Pattern" */ = {
			isa = XCConfigurationList;
			buildConfigurations = (
				96F69F1A210B268500040532 /* Debug */,
				96F69F1B210B268500040532 /* Release */,
			);
			defaultConfigurationIsVisible = 0;
			defaultConfigurationName = Release;
		};
		96F69F1C210B268500040532 /* Build configuration list for PBXNativeTarget "Decorator-Design-Pattern" */ = {
			isa = XCConfigurationList;
			buildConfigurations = (
				96F69F1D210B268500040532 /* Debug */,
				96F69F1E210B268500040532 /* Release */,
			);
			defaultConfigurationIsVisible = 0;
			defaultConfigurationName = Release;
		};
		96F69F1F210B268500040532 /* Build configuration list for PBXNativeTarget "Decorator-Design-PatternTests" */ = {
			isa = XCConfigurationList;
			buildConfigurations = (
				96F69F20210B268500040532 /* Debug */,
				96F69F21210B268500040532 /* Release */,
			);
			defaultConfigurationIsVisible = 0;
			defaultConfigurationName = Release;
		};
/* End XCConfigurationList section */
	};
	rootObject = 96F69EF7210B267A00040532 /* Project object */;
}
